# THIS IS AN AUTOGENERATED FILE. DO NOT EDIT THIS FILE DIRECTLY.
# yarn lockfile v1


"@rbxts/compiler-types@^2.0.4-types.0":
  "integrity" "sha512-kRdXA7RzIUnLrQhjvVLQ//9Nwfndlui43Frqg3k8xrPVz+QJNIqzwx6LHLSwq4c1OBZpYcGgUWIQJkuKxwlskA=="
  "resolved" "https://registry.npmjs.org/@rbxts/compiler-types/-/compiler-types-2.0.4-types.0.tgz"
  "version" "2.0.4-types.0"

"@rbxts/roact-hooks@^0.4.1-ts.3":
  "integrity" "sha512-+8A42hDsSwZNnXDe1XIRpJhjSpxFvkBa8nB5QM1zuL2q5G6h6SGp7augY6vp6euze/gH4/Laho07PUM8bz0RKQ=="
  "resolved" "https://registry.npmjs.org/@rbxts/roact-hooks/-/roact-hooks-0.4.1-ts.3.tgz"
  "version" "0.4.1-ts.3"

"@rbxts/roact@*":
  "integrity" "sha512-gn9mBoGG/Clzgv2kyOvLNVd9dh5t6z+jukC3ITv2HnfPqvf/sMbz/VMaBoiB7t5umuiIe0LjW0ctZrkrS+uTOA=="
  "resolved" "https://registry.npmjs.org/@rbxts/roact/-/roact-1.4.4-ts.0.tgz"
  "version" "1.4.4-ts.0"

"@rbxts/types@^1.0.648":
  "integrity" "sha512-RDKaEA8mQ7vW8OATj9Sk2ySplMm7M+bgI6aKbTITmmZyPUxESimFMG3JdPF2R9kk37bqdoctokGS30mSzrkavw=="
  "resolved" "https://registry.npmjs.org/@rbxts/types/-/types-1.0.648.tgz"
  "version" "1.0.648"
